
Microsoft Visual Studio Solution File, Format Version 12.00
# Visual Studio 15
VisualStudioVersion = 15.0.28010.2046
MinimumVisualStudioVersion = 10.0.40219.1
Project("{FAE04EC0-301F-11D3-BF4B-00C04F79EFBC}") = "App_Vagas.Android", "App_Vagas\App_Vagas.Android\App_Vagas.Android.csproj", "{A95E03D4-2324-44A0-AEA4-CBFC9FFB2935}"
EndProject
Project("{FAE04EC0-301F-11D3-BF4B-00C04F79EFBC}") = "App_Vagas.iOS", "App_Vagas\App_Vagas.iOS\App_Vagas.iOS.csproj", "{75784592-89CA-4073-A1DB-D65905EF0799}"
EndProject
Project("{FAE04EC0-301F-11D3-BF4B-00C04F79EFBC}") = "App_Vagas.UWP", "App_Vagas\App_Vagas.UWP\App_Vagas.UWP.csproj", "{928410BE-C627-4E25-BBBA-158D2E4DC52B}"
EndProject
Project("{FAE04EC0-301F-11D3-BF4B-00C04F79EFBC}") = "App_Vagas", "App_Vagas\App_Vagas\App_Vagas.csproj", "{94F78B84-6E7D-4D7B-A422-23985DB83E7E}"
EndProject
Global
	GlobalSection(SolutionConfigurationPlatforms) = preSolution
		Ad-Hoc|Any CPU = Ad-Hoc|Any CPU
		Ad-Hoc|ARM = Ad-Hoc|ARM
		Ad-Hoc|iPhone = Ad-Hoc|iPhone
		Ad-Hoc|iPhoneSimulator = Ad-Hoc|iPhoneSimulator
		Ad-Hoc|x64 = Ad-Hoc|x64
		Ad-Hoc|x86 = Ad-Hoc|x86
		AppStore|Any CPU = AppStore|Any CPU
		AppStore|ARM = AppStore|ARM
		AppStore|iPhone = AppStore|iPhone
		AppStore|iPhoneSimulator = AppStore|iPhoneSimulator
		AppStore|x64 = AppStore|x64
		AppStore|x86 = AppStore|x86
		Debug|Any CPU = Debug|Any CPU
		Debug|ARM = Debug|ARM
		Debug|iPhone = Debug|iPhone
		Debug|iPhoneSimulator = Debug|iPhoneSimulator
		Debug|x64 = Debug|x64
		Debug|x86 = Debug|x86
		Release|Any CPU = Release|Any CPU
		Release|ARM = Release|ARM
		Release|iPhone = Release|iPhone
		Release|iPhoneSimulator = Release|iPhoneSimulator
		Release|x64 = Release|x64
		Release|x86 = Release|x86
	EndGlobalSection
	GlobalSection(ProjectConfigurationPlatforms) = postSolution
		{A95E03D4-2324-44A0-AEA4-CBFC9FFB2935}.Ad-Hoc|Any CPU.ActiveCfg = Release|Any CPU
		{A95E03D4-2324-44A0-AEA4-CBFC9FFB2935}.Ad-Hoc|Any CPU.Build.0 = Release|Any CPU
		{A95E03D4-2324-44A0-AEA4-CBFC9FFB2935}.Ad-Hoc|Any CPU.Deploy.0 = Release|Any CPU
		{A95E03D4-2324-44A0-AEA4-CBFC9FFB2935}.Ad-Hoc|ARM.ActiveCfg = Release|Any CPU
		{A95E03D4-2324-44A0-AEA4-CBFC9FFB2935}.Ad-Hoc|ARM.Build.0 = Release|Any CPU
		{A95E03D4-2324-44A0-AEA4-CBFC9FFB2935}.Ad-Hoc|ARM.Deploy.0 = Release|Any CPU
		{A95E03D4-2324-44A0-AEA4-CBFC9FFB2935}.Ad-Hoc|iPhone.ActiveCfg = Release|Any CPU
		{A95E03D4-2324-44A0-AEA4-CBFC9FFB2935}.Ad-Hoc|iPhone.Build.0 = Release|Any CPU
		{A95E03D4-2324-44A0-AEA4-CBFC9FFB2935}.Ad-Hoc|iPhone.Deploy.0 = Release|Any CPU
		{A95E03D4-2324-44A0-AEA4-CBFC9FFB2935}.Ad-Hoc|iPhoneSimulator.ActiveCfg = Release|Any CPU
		{A95E03D4-2324-44A0-AEA4-CBFC9FFB2935}.Ad-Hoc|iPhoneSimulator.Build.0 = Release|Any CPU
		{A95E03D4-2324-44A0-AEA4-CBFC9FFB2935}.Ad-Hoc|iPhoneSimulator.Deploy.0 = Release|Any CPU
		{A95E03D4-2324-44A0-AEA4-CBFC9FFB2935}.Ad-Hoc|x64.ActiveCfg = Release|Any CPU
		{A95E03D4-2324-44A0-AEA4-CBFC9FFB2935}.Ad-Hoc|x64.Build.0 = Release|Any CPU
		{A95E03D4-2324-44A0-AEA4-CBFC9FFB2935}.Ad-Hoc|x64.Deploy.0 = Release|Any CPU
		{A95E03D4-2324-44A0-AEA4-CBFC9FFB2935}.Ad-Hoc|x86.ActiveCfg = Release|Any CPU
		{A95E03D4-2324-44A0-AEA4-CBFC9FFB2935}.Ad-Hoc|x86.Build.0 = Release|Any CPU
		{A95E03D4-2324-44A0-AEA4-CBFC9FFB2935}.Ad-Hoc|x86.Deploy.0 = Release|Any CPU
		{A95E03D4-2324-44A0-AEA4-CBFC9FFB2935}.AppStore|Any CPU.ActiveCfg = Release|Any CPU
		{A95E03D4-2324-44A0-AEA4-CBFC9FFB2935}.AppStore|Any CPU.Build.0 = Release|Any CPU
		{A95E03D4-2324-44A0-AEA4-CBFC9FFB2935}.AppStore|Any CPU.Deploy.0 = Release|Any CPU
		{A95E03D4-2324-44A0-AEA4-CBFC9FFB2935}.AppStore|ARM.ActiveCfg = Release|Any CPU
		{A95E03D4-2324-44A0-AEA4-CBFC9FFB2935}.AppStore|ARM.Build.0 = Release|Any CPU
		{A95E03D4-2324-44A0-AEA4-CBFC9FFB2935}.AppStore|ARM.Deploy.0 = Release|Any CPU
		{A95E03D4-2324-44A0-AEA4-CBFC9FFB2935}.AppStore|iPhone.ActiveCfg = Release|Any CPU
		{A95E03D4-2324-44A0-AEA4-CBFC9FFB2935}.AppStore|iPhone.Build.0 = Release|Any CPU
		{A95E03D4-2324-44A0-AEA4-CBFC9FFB2935}.AppStore|iPhone.Deploy.0 = Release|Any CPU
		{A95E03D4-2324-44A0-AEA4-CBFC9FFB2935}.AppStore|iPhoneSimulator.ActiveCfg = Release|Any CPU
		{A95E03D4-2324-44A0-AEA4-CBFC9FFB2935}.AppStore|iPhoneSimulator.Build.0 = Release|Any CPU
		{A95E03D4-2324-44A0-AEA4-CBFC9FFB2935}.AppStore|iPhoneSimulator.Deploy.0 = Release|Any CPU
		{A95E03D4-2324-44A0-AEA4-CBFC9FFB2935}.AppStore|x64.ActiveCfg = Release|Any CPU
		{A95E03D4-2324-44A0-AEA4-CBFC9FFB2935}.AppStore|x64.Build.0 = Release|Any CPU
		{A95E03D4-2324-44A0-AEA4-CBFC9FFB2935}.AppStore|x64.Deploy.0 = Release|Any CPU
		{A95E03D4-2324-44A0-AEA4-CBFC9FFB2935}.AppStore|x86.ActiveCfg = Release|Any CPU
		{A95E03D4-2324-44A0-AEA4-CBFC9FFB2935}.AppStore|x86.Build.0 = Release|Any CPU
		{A95E03D4-2324-44A0-AEA4-CBFC9FFB2935}.AppStore|x86.Deploy.0 = Release|Any CPU
		{A95E03D4-2324-44A0-AEA4-CBFC9FFB2935}.Debug|Any CPU.ActiveCfg = Debug|Any CPU
		{A95E03D4-2324-44A0-AEA4-CBFC9FFB2935}.Debug|Any CPU.Build.0 = Debug|Any CPU
		{A95E03D4-2324-44A0-AEA4-CBFC9FFB2935}.Debug|Any CPU.Deploy.0 = Debug|Any CPU
		{A95E03D4-2324-44A0-AEA4-CBFC9FFB2935}.Debug|ARM.ActiveCfg = Debug|Any CPU
		{A95E03D4-2324-44A0-AEA4-CBFC9FFB2935}.Debug|ARM.Build.0 = Debug|Any CPU
		{A95E03D4-2324-44A0-AEA4-CBFC9FFB2935}.Debug|ARM.Deploy.0 = Debug|Any CPU
		{A95E03D4-2324-44A0-AEA4-CBFC9FFB2935}.Debug|iPhone.ActiveCfg = Debug|Any CPU
		{A95E03D4-2324-44A0-AEA4-CBFC9FFB2935}.Debug|iPhone.Build.0 = Debug|Any CPU
		{A95E03D4-2324-44A0-AEA4-CBFC9FFB2935}.Debug|iPhone.Deploy.0 = Debug|Any CPU
		{A95E03D4-2324-44A0-AEA4-CBFC9FFB2935}.Debug|iPhoneSimulator.ActiveCfg = Debug|Any CPU
		{A95E03D4-2324-44A0-AEA4-CBFC9FFB2935}.Debug|iPhoneSimulator.Build.0 = Debug|Any CPU
		{A95E03D4-2324-44A0-AEA4-CBFC9FFB2935}.Debug|iPhoneSimulator.Deploy.0 = Debug|Any CPU
		{A95E03D4-2324-44A0-AEA4-CBFC9FFB2935}.Debug|x64.ActiveCfg = Debug|Any CPU
		{A95E03D4-2324-44A0-AEA4-CBFC9FFB2935}.Debug|x64.Build.0 = Debug|Any CPU
		{A95E03D4-2324-44A0-AEA4-CBFC9FFB2935}.Debug|x64.Deploy.0 = Debug|Any CPU
		{A95E03D4-2324-44A0-AEA4-CBFC9FFB2935}.Debug|x86.ActiveCfg = Debug|Any CPU
		{A95E03D4-2324-44A0-AEA4-CBFC9FFB2935}.Debug|x86.Build.0 = Debug|Any CPU
		{A95E03D4-2324-44A0-AEA4-CBFC9FFB2935}.Debug|x86.Deploy.0 = Debug|Any CPU
		{A95E03D4-2324-44A0-AEA4-CBFC9FFB2935}.Release|Any CPU.ActiveCfg = Release|Any CPU
		{A95E03D4-2324-44A0-AEA4-CBFC9FFB2935}.Release|Any CPU.Build.0 = Release|Any CPU
		{A95E03D4-2324-44A0-AEA4-CBFC9FFB2935}.Release|Any CPU.Deploy.0 = Release|Any CPU
		{A95E03D4-2324-44A0-AEA4-CBFC9FFB2935}.Release|ARM.ActiveCfg = Release|Any CPU
		{A95E03D4-2324-44A0-AEA4-CBFC9FFB2935}.Release|ARM.Build.0 = Release|Any CPU
		{A95E03D4-2324-44A0-AEA4-CBFC9FFB2935}.Release|ARM.Deploy.0 = Release|Any CPU
		{A95E03D4-2324-44A0-AEA4-CBFC9FFB2935}.Release|iPhone.ActiveCfg = Release|Any CPU
		{A95E03D4-2324-44A0-AEA4-CBFC9FFB2935}.Release|iPhone.Build.0 = Release|Any CPU
		{A95E03D4-2324-44A0-AEA4-CBFC9FFB2935}.Release|iPhone.Deploy.0 = Release|Any CPU
		{A95E03D4-2324-44A0-AEA4-CBFC9FFB2935}.Release|iPhoneSimulator.ActiveCfg = Release|Any CPU
		{A95E03D4-2324-44A0-AEA4-CBFC9FFB2935}.Release|iPhoneSimulator.Build.0 = Release|Any CPU
		{A95E03D4-2324-44A0-AEA4-CBFC9FFB2935}.Release|iPhoneSimulator.Deploy.0 = Release|Any CPU
		{A95E03D4-2324-44A0-AEA4-CBFC9FFB2935}.Release|x64.ActiveCfg = Release|Any CPU
		{A95E03D4-2324-44A0-AEA4-CBFC9FFB2935}.Release|x64.Build.0 = Release|Any CPU
		{A95E03D4-2324-44A0-AEA4-CBFC9FFB2935}.Release|x64.Deploy.0 = Release|Any CPU
		{A95E03D4-2324-44A0-AEA4-CBFC9FFB2935}.Release|x86.ActiveCfg = Release|Any CPU
		{A95E03D4-2324-44A0-AEA4-CBFC9FFB2935}.Release|x86.Build.0 = Release|Any CPU
		{A95E03D4-2324-44A0-AEA4-CBFC9FFB2935}.Release|x86.Deploy.0 = Release|Any CPU
		{75784592-89CA-4073-A1DB-D65905EF0799}.Ad-Hoc|Any CPU.ActiveCfg = Ad-Hoc|iPhone
		{75784592-89CA-4073-A1DB-D65905EF0799}.Ad-Hoc|Any CPU.Build.0 = Ad-Hoc|iPhone
		{75784592-89CA-4073-A1DB-D65905EF0799}.Ad-Hoc|Any CPU.Deploy.0 = Ad-Hoc|iPhone
		{75784592-89CA-4073-A1DB-D65905EF0799}.Ad-Hoc|ARM.ActiveCfg = Ad-Hoc|iPhone
		{75784592-89CA-4073-A1DB-D65905EF0799}.Ad-Hoc|ARM.Build.0 = Ad-Hoc|iPhone
		{75784592-89CA-4073-A1DB-D65905EF0799}.Ad-Hoc|ARM.Deploy.0 = Ad-Hoc|iPhone
		{75784592-89CA-4073-A1DB-D65905EF0799}.Ad-Hoc|iPhone.ActiveCfg = Ad-Hoc|iPhone
		{75784592-89CA-4073-A1DB-D65905EF0799}.Ad-Hoc|iPhone.Build.0 = Ad-Hoc|iPhone
		{75784592-89CA-4073-A1DB-D65905EF0799}.Ad-Hoc|iPhone.Deploy.0 = Ad-Hoc|iPhone
		{75784592-89CA-4073-A1DB-D65905EF0799}.Ad-Hoc|iPhoneSimulator.ActiveCfg = Ad-Hoc|iPhoneSimulator
		{75784592-89CA-4073-A1DB-D65905EF0799}.Ad-Hoc|iPhoneSimulator.Build.0 = Ad-Hoc|iPhoneSimulator
		{75784592-89CA-4073-A1DB-D65905EF0799}.Ad-Hoc|iPhoneSimulator.Deploy.0 = Ad-Hoc|iPhoneSimulator
		{75784592-89CA-4073-A1DB-D65905EF0799}.Ad-Hoc|x64.ActiveCfg = Ad-Hoc|iPhone
		{75784592-89CA-4073-A1DB-D65905EF0799}.Ad-Hoc|x64.Build.0 = Ad-Hoc|iPhone
		{75784592-89CA-4073-A1DB-D65905EF0799}.Ad-Hoc|x64.Deploy.0 = Ad-Hoc|iPhone
		{75784592-89CA-4073-A1DB-D65905EF0799}.Ad-Hoc|x86.ActiveCfg = Ad-Hoc|iPhone
		{75784592-89CA-4073-A1DB-D65905EF0799}.Ad-Hoc|x86.Build.0 = Ad-Hoc|iPhone
		{75784592-89CA-4073-A1DB-D65905EF0799}.Ad-Hoc|x86.Deploy.0 = Ad-Hoc|iPhone
		{75784592-89CA-4073-A1DB-D65905EF0799}.AppStore|Any CPU.ActiveCfg = AppStore|iPhone
		{75784592-89CA-4073-A1DB-D65905EF0799}.AppStore|Any CPU.Build.0 = AppStore|iPhone
		{75784592-89CA-4073-A1DB-D65905EF0799}.AppStore|Any CPU.Deploy.0 = AppStore|iPhone
		{75784592-89CA-4073-A1DB-D65905EF0799}.AppStore|ARM.ActiveCfg = AppStore|iPhone
		{75784592-89CA-4073-A1DB-D65905EF0799}.AppStore|ARM.Build.0 = AppStore|iPhone
		{75784592-89CA-4073-A1DB-D65905EF0799}.AppStore|ARM.Deploy.0 = AppStore|iPhone
		{75784592-89CA-4073-A1DB-D65905EF0799}.AppStore|iPhone.ActiveCfg = AppStore|iPhone
		{75784592-89CA-4073-A1DB-D65905EF0799}.AppStore|iPhone.Build.0 = AppStore|iPhone
		{75784592-89CA-4073-A1DB-D65905EF0799}.AppStore|iPhone.Deploy.0 = AppStore|iPhone
		{75784592-89CA-4073-A1DB-D65905EF0799}.AppStore|iPhoneSimulator.ActiveCfg = AppStore|iPhoneSimulator
		{75784592-89CA-4073-A1DB-D65905EF0799}.AppStore|iPhoneSimulator.Build.0 = AppStore|iPhoneSimulator
		{75784592-89CA-4073-A1DB-D65905EF0799}.AppStore|iPhoneSimulator.Deploy.0 = AppStore|iPhoneSimulator
		{75784592-89CA-4073-A1DB-D65905EF0799}.AppStore|x64.ActiveCfg = AppStore|iPhone
		{75784592-89CA-4073-A1DB-D65905EF0799}.AppStore|x64.Build.0 = AppStore|iPhone
		{75784592-89CA-4073-A1DB-D65905EF0799}.AppStore|x64.Deploy.0 = AppStore|iPhone
		{75784592-89CA-4073-A1DB-D65905EF0799}.AppStore|x86.ActiveCfg = AppStore|iPhone
		{75784592-89CA-4073-A1DB-D65905EF0799}.AppStore|x86.Build.0 = AppStore|iPhone
		{75784592-89CA-4073-A1DB-D65905EF0799}.AppStore|x86.Deploy.0 = AppStore|iPhone
		{75784592-89CA-4073-A1DB-D65905EF0799}.Debug|Any CPU.ActiveCfg = Debug|iPhoneSimulator
		{75784592-89CA-4073-A1DB-D65905EF0799}.Debug|Any CPU.Build.0 = Debug|iPhoneSimulator
		{75784592-89CA-4073-A1DB-D65905EF0799}.Debug|Any CPU.Deploy.0 = Debug|iPhoneSimulator
		{75784592-89CA-4073-A1DB-D65905EF0799}.Debug|ARM.ActiveCfg = Debug|iPhone
		{75784592-89CA-4073-A1DB-D65905EF0799}.Debug|ARM.Build.0 = Debug|iPhone
		{75784592-89CA-4073-A1DB-D65905EF0799}.Debug|ARM.Deploy.0 = Debug|iPhone
		{75784592-89CA-4073-A1DB-D65905EF0799}.Debug|iPhone.ActiveCfg = Debug|iPhone
		{75784592-89CA-4073-A1DB-D65905EF0799}.Debug|iPhone.Build.0 = Debug|iPhone
		{75784592-89CA-4073-A1DB-D65905EF0799}.Debug|iPhone.Deploy.0 = Debug|iPhone
		{75784592-89CA-4073-A1DB-D65905EF0799}.Debug|iPhoneSimulator.ActiveCfg = Debug|iPhoneSimulator
		{75784592-89CA-4073-A1DB-D65905EF0799}.Debug|iPhoneSimulator.Build.0 = Debug|iPhoneSimulator
		{75784592-89CA-4073-A1DB-D65905EF0799}.Debug|iPhoneSimulator.Deploy.0 = Debug|iPhoneSimulator
		{75784592-89CA-4073-A1DB-D65905EF0799}.Debug|x64.ActiveCfg = Debug|iPhone
		{75784592-89CA-4073-A1DB-D65905EF0799}.Debug|x64.Build.0 = Debug|iPhone
		{75784592-89CA-4073-A1DB-D65905EF0799}.Debug|x64.Deploy.0 = Debug|iPhone
		{75784592-89CA-4073-A1DB-D65905EF0799}.Debug|x86.ActiveCfg = Debug|iPhone
		{75784592-89CA-4073-A1DB-D65905EF0799}.Debug|x86.Build.0 = Debug|iPhone
		{75784592-89CA-4073-A1DB-D65905EF0799}.Debug|x86.Deploy.0 = Debug|iPhone
		{75784592-89CA-4073-A1DB-D65905EF0799}.Release|Any CPU.ActiveCfg = Release|iPhone
		{75784592-89CA-4073-A1DB-D65905EF0799}.Release|Any CPU.Build.0 = Release|iPhone
		{75784592-89CA-4073-A1DB-D65905EF0799}.Release|Any CPU.Deploy.0 = Release|iPhone
		{75784592-89CA-4073-A1DB-D65905EF0799}.Release|ARM.ActiveCfg = Release|iPhone
		{75784592-89CA-4073-A1DB-D65905EF0799}.Release|ARM.Build.0 = Release|iPhone
		{75784592-89CA-4073-A1DB-D65905EF0799}.Release|ARM.Deploy.0 = Release|iPhone
		{75784592-89CA-4073-A1DB-D65905EF0799}.Release|iPhone.ActiveCfg = Release|iPhone
		{75784592-89CA-4073-A1DB-D65905EF0799}.Release|iPhone.Build.0 = Release|iPhone
		{75784592-89CA-4073-A1DB-D65905EF0799}.Release|iPhone.Deploy.0 = Release|iPhone
		{75784592-89CA-4073-A1DB-D65905EF0799}.Release|iPhoneSimulator.ActiveCfg = Release|iPhoneSimulator
		{75784592-89CA-4073-A1DB-D65905EF0799}.Release|iPhoneSimulator.Build.0 = Release|iPhoneSimulator
		{75784592-89CA-4073-A1DB-D65905EF0799}.Release|iPhoneSimulator.Deploy.0 = Release|iPhoneSimulator
		{75784592-89CA-4073-A1DB-D65905EF0799}.Release|x64.ActiveCfg = Release|iPhone
		{75784592-89CA-4073-A1DB-D65905EF0799}.Release|x64.Build.0 = Release|iPhone
		{75784592-89CA-4073-A1DB-D65905EF0799}.Release|x64.Deploy.0 = Release|iPhone
		{75784592-89CA-4073-A1DB-D65905EF0799}.Release|x86.ActiveCfg = Release|iPhone
		{75784592-89CA-4073-A1DB-D65905EF0799}.Release|x86.Build.0 = Release|iPhone
		{75784592-89CA-4073-A1DB-D65905EF0799}.Release|x86.Deploy.0 = Release|iPhone
		{928410BE-C627-4E25-BBBA-158D2E4DC52B}.Ad-Hoc|Any CPU.ActiveCfg = Release|x86
		{928410BE-C627-4E25-BBBA-158D2E4DC52B}.Ad-Hoc|Any CPU.Build.0 = Release|x86
		{928410BE-C627-4E25-BBBA-158D2E4DC52B}.Ad-Hoc|Any CPU.Deploy.0 = Release|x86
		{928410BE-C627-4E25-BBBA-158D2E4DC52B}.Ad-Hoc|ARM.ActiveCfg = Release|ARM
		{928410BE-C627-4E25-BBBA-158D2E4DC52B}.Ad-Hoc|ARM.Build.0 = Release|ARM
		{928410BE-C627-4E25-BBBA-158D2E4DC52B}.Ad-Hoc|ARM.Deploy.0 = Release|ARM
		{928410BE-C627-4E25-BBBA-158D2E4DC52B}.Ad-Hoc|iPhone.ActiveCfg = Release|x86
		{928410BE-C627-4E25-BBBA-158D2E4DC52B}.Ad-Hoc|iPhone.Build.0 = Release|x86
		{928410BE-C627-4E25-BBBA-158D2E4DC52B}.Ad-Hoc|iPhone.Deploy.0 = Release|x86
		{928410BE-C627-4E25-BBBA-158D2E4DC52B}.Ad-Hoc|iPhoneSimulator.ActiveCfg = Release|x86
		{928410BE-C627-4E25-BBBA-158D2E4DC52B}.Ad-Hoc|iPhoneSimulator.Build.0 = Release|x86
		{928410BE-C627-4E25-BBBA-158D2E4DC52B}.Ad-Hoc|iPhoneSimulator.Deploy.0 = Release|x86
		{928410BE-C627-4E25-BBBA-158D2E4DC52B}.Ad-Hoc|x64.ActiveCfg = Release|x64
		{928410BE-C627-4E25-BBBA-158D2E4DC52B}.Ad-Hoc|x64.Build.0 = Release|x64
		{928410BE-C627-4E25-BBBA-158D2E4DC52B}.Ad-Hoc|x64.Deploy.0 = Release|x64
		{928410BE-C627-4E25-BBBA-158D2E4DC52B}.Ad-Hoc|x86.ActiveCfg = Release|x86
		{928410BE-C627-4E25-BBBA-158D2E4DC52B}.Ad-Hoc|x86.Build.0 = Release|x86
		{928410BE-C627-4E25-BBBA-158D2E4DC52B}.Ad-Hoc|x86.Deploy.0 = Release|x86
		{928410BE-C627-4E25-BBBA-158D2E4DC52B}.AppStore|Any CPU.ActiveCfg = Release|x86
		{928410BE-C627-4E25-BBBA-158D2E4DC52B}.AppStore|Any CPU.Build.0 = Release|x86
		{928410BE-C627-4E25-BBBA-158D2E4DC52B}.AppStore|Any CPU.Deploy.0 = Release|x86
		{928410BE-C627-4E25-BBBA-158D2E4DC52B}.AppStore|ARM.ActiveCfg = Release|ARM
		{928410BE-C627-4E25-BBBA-158D2E4DC52B}.AppStore|ARM.Build.0 = Release|ARM
		{928410BE-C627-4E25-BBBA-158D2E4DC52B}.AppStore|ARM.Deploy.0 = Release|ARM
		{928410BE-C627-4E25-BBBA-158D2E4DC52B}.AppStore|iPhone.ActiveCfg = Release|x86
		{928410BE-C627-4E25-BBBA-158D2E4DC52B}.AppStore|iPhone.Build.0 = Release|x86
		{928410BE-C627-4E25-BBBA-158D2E4DC52B}.AppStore|iPhone.Deploy.0 = Release|x86
		{928410BE-C627-4E25-BBBA-158D2E4DC52B}.AppStore|iPhoneSimulator.ActiveCfg = Release|x86
		{928410BE-C627-4E25-BBBA-158D2E4DC52B}.AppStore|iPhoneSimulator.Build.0 = Release|x86
		{928410BE-C627-4E25-BBBA-158D2E4DC52B}.AppStore|iPhoneSimulator.Deploy.0 = Release|x86
		{928410BE-C627-4E25-BBBA-158D2E4DC52B}.AppStore|x64.ActiveCfg = Release|x64
		{928410BE-C627-4E25-BBBA-158D2E4DC52B}.AppStore|x64.Build.0 = Release|x64
		{928410BE-C627-4E25-BBBA-158D2E4DC52B}.AppStore|x64.Deploy.0 = Release|x64
		{928410BE-C627-4E25-BBBA-158D2E4DC52B}.AppStore|x86.ActiveCfg = Release|x86
		{928410BE-C627-4E25-BBBA-158D2E4DC52B}.AppStore|x86.Build.0 = Release|x86
		{928410BE-C627-4E25-BBBA-158D2E4DC52B}.AppStore|x86.Deploy.0 = Release|x86
		{928410BE-C627-4E25-BBBA-158D2E4DC52B}.Debug|Any CPU.ActiveCfg = Debug|x86
		{928410BE-C627-4E25-BBBA-158D2E4DC52B}.Debug|Any CPU.Build.0 = Debug|x86
		{928410BE-C627-4E25-BBBA-158D2E4DC52B}.Debug|Any CPU.Deploy.0 = Debug|x86
		{928410BE-C627-4E25-BBBA-158D2E4DC52B}.Debug|ARM.ActiveCfg = Debug|ARM
		{928410BE-C627-4E25-BBBA-158D2E4DC52B}.Debug|ARM.Build.0 = Debug|ARM
		{928410BE-C627-4E25-BBBA-158D2E4DC52B}.Debug|ARM.Deploy.0 = Debug|ARM
		{928410BE-C627-4E25-BBBA-158D2E4DC52B}.Debug|iPhone.ActiveCfg = Debug|x86
		{928410BE-C627-4E25-BBBA-158D2E4DC52B}.Debug|iPhone.Build.0 = Debug|x86
		{928410BE-C627-4E25-BBBA-158D2E4DC52B}.Debug|iPhone.Deploy.0 = Debug|x86
		{928410BE-C627-4E25-BBBA-158D2E4DC52B}.Debug|iPhoneSimulator.ActiveCfg = Debug|x86
		{928410BE-C627-4E25-BBBA-158D2E4DC52B}.Debug|iPhoneSimulator.Build.0 = Debug|x86
		{928410BE-C627-4E25-BBBA-158D2E4DC52B}.Debug|iPhoneSimulator.Deploy.0 = Debug|x86
		{928410BE-C627-4E25-BBBA-158D2E4DC52B}.Debug|x64.ActiveCfg = Debug|x64
		{928410BE-C627-4E25-BBBA-158D2E4DC52B}.Debug|x64.Build.0 = Debug|x64
		{928410BE-C627-4E25-BBBA-158D2E4DC52B}.Debug|x64.Deploy.0 = Debug|x64
		{928410BE-C627-4E25-BBBA-158D2E4DC52B}.Debug|x86.ActiveCfg = Debug|x86
		{928410BE-C627-4E25-BBBA-158D2E4DC52B}.Debug|x86.Build.0 = Debug|x86
		{928410BE-C627-4E25-BBBA-158D2E4DC52B}.Debug|x86.Deploy.0 = Debug|x86
		{928410BE-C627-4E25-BBBA-158D2E4DC52B}.Release|Any CPU.ActiveCfg = Release|x86
		{928410BE-C627-4E25-BBBA-158D2E4DC52B}.Release|Any CPU.Build.0 = Release|x86
		{928410BE-C627-4E25-BBBA-158D2E4DC52B}.Release|Any CPU.Deploy.0 = Release|x86
		{928410BE-C627-4E25-BBBA-158D2E4DC52B}.Release|ARM.ActiveCfg = Release|ARM
		{928410BE-C627-4E25-BBBA-158D2E4DC52B}.Release|ARM.Build.0 = Release|ARM
		{928410BE-C627-4E25-BBBA-158D2E4DC52B}.Release|ARM.Deploy.0 = Release|ARM
		{928410BE-C627-4E25-BBBA-158D2E4DC52B}.Release|iPhone.ActiveCfg = Release|x86
		{928410BE-C627-4E25-BBBA-158D2E4DC52B}.Release|iPhone.Build.0 = Release|x86
		{928410BE-C627-4E25-BBBA-158D2E4DC52B}.Release|iPhone.Deploy.0 = Release|x86
		{928410BE-C627-4E25-BBBA-158D2E4DC52B}.Release|iPhoneSimulator.ActiveCfg = Release|x86
		{928410BE-C627-4E25-BBBA-158D2E4DC52B}.Release|iPhoneSimulator.Build.0 = Release|x86
		{928410BE-C627-4E25-BBBA-158D2E4DC52B}.Release|iPhoneSimulator.Deploy.0 = Release|x86
		{928410BE-C627-4E25-BBBA-158D2E4DC52B}.Release|x64.ActiveCfg = Release|x64
		{928410BE-C627-4E25-BBBA-158D2E4DC52B}.Release|x64.Build.0 = Release|x64
		{928410BE-C627-4E25-BBBA-158D2E4DC52B}.Release|x64.Deploy.0 = Release|x64
		{928410BE-C627-4E25-BBBA-158D2E4DC52B}.Release|x86.ActiveCfg = Release|x86
		{928410BE-C627-4E25-BBBA-158D2E4DC52B}.Release|x86.Build.0 = Release|x86
		{928410BE-C627-4E25-BBBA-158D2E4DC52B}.Release|x86.Deploy.0 = Release|x86
		{94F78B84-6E7D-4D7B-A422-23985DB83E7E}.Ad-Hoc|Any CPU.ActiveCfg = Debug|Any CPU
		{94F78B84-6E7D-4D7B-A422-23985DB83E7E}.Ad-Hoc|Any CPU.Build.0 = Debug|Any CPU
		{94F78B84-6E7D-4D7B-A422-23985DB83E7E}.Ad-Hoc|Any CPU.Deploy.0 = Debug|Any CPU
		{94F78B84-6E7D-4D7B-A422-23985DB83E7E}.Ad-Hoc|ARM.ActiveCfg = Debug|Any CPU
		{94F78B84-6E7D-4D7B-A422-23985DB83E7E}.Ad-Hoc|ARM.Build.0 = Debug|Any CPU
		{94F78B84-6E7D-4D7B-A422-23985DB83E7E}.Ad-Hoc|ARM.Deploy.0 = Debug|Any CPU
		{94F78B84-6E7D-4D7B-A422-23985DB83E7E}.Ad-Hoc|iPhone.ActiveCfg = Debug|Any CPU
		{94F78B84-6E7D-4D7B-A422-23985DB83E7E}.Ad-Hoc|iPhone.Build.0 = Debug|Any CPU
		{94F78B84-6E7D-4D7B-A422-23985DB83E7E}.Ad-Hoc|iPhone.Deploy.0 = Debug|Any CPU
		{94F78B84-6E7D-4D7B-A422-23985DB83E7E}.Ad-Hoc|iPhoneSimulator.ActiveCfg = Debug|Any CPU
		{94F78B84-6E7D-4D7B-A422-23985DB83E7E}.Ad-Hoc|iPhoneSimulator.Build.0 = Debug|Any CPU
		{94F78B84-6E7D-4D7B-A422-23985DB83E7E}.Ad-Hoc|iPhoneSimulator.Deploy.0 = Debug|Any CPU
		{94F78B84-6E7D-4D7B-A422-23985DB83E7E}.Ad-Hoc|x64.ActiveCfg = Debug|Any CPU
		{94F78B84-6E7D-4D7B-A422-23985DB83E7E}.Ad-Hoc|x64.Build.0 = Debug|Any CPU
		{94F78B84-6E7D-4D7B-A422-23985DB83E7E}.Ad-Hoc|x64.Deploy.0 = Debug|Any CPU
		{94F78B84-6E7D-4D7B-A422-23985DB83E7E}.Ad-Hoc|x86.ActiveCfg = Debug|Any CPU
		{94F78B84-6E7D-4D7B-A422-23985DB83E7E}.Ad-Hoc|x86.Build.0 = Debug|Any CPU
		{94F78B84-6E7D-4D7B-A422-23985DB83E7E}.Ad-Hoc|x86.Deploy.0 = Debug|Any CPU
		{94F78B84-6E7D-4D7B-A422-23985DB83E7E}.AppStore|Any CPU.ActiveCfg = Debug|Any CPU
		{94F78B84-6E7D-4D7B-A422-23985DB83E7E}.AppStore|Any CPU.Build.0 = Debug|Any CPU
		{94F78B84-6E7D-4D7B-A422-23985DB83E7E}.AppStore|Any CPU.Deploy.0 = Debug|Any CPU
		{94F78B84-6E7D-4D7B-A422-23985DB83E7E}.AppStore|ARM.ActiveCfg = Debug|Any CPU
		{94F78B84-6E7D-4D7B-A422-23985DB83E7E}.AppStore|ARM.Build.0 = Debug|Any CPU
		{94F78B84-6E7D-4D7B-A422-23985DB83E7E}.AppStore|ARM.Deploy.0 = Debug|Any CPU
		{94F78B84-6E7D-4D7B-A422-23985DB83E7E}.AppStore|iPhone.ActiveCfg = Debug|Any CPU
		{94F78B84-6E7D-4D7B-A422-23985DB83E7E}.AppStore|iPhone.Build.0 = Debug|Any CPU
		{94F78B84-6E7D-4D7B-A422-23985DB83E7E}.AppStore|iPhone.Deploy.0 = Debug|Any CPU
		{94F78B84-6E7D-4D7B-A422-23985DB83E7E}.AppStore|iPhoneSimulator.ActiveCfg = Debug|Any CPU
		{94F78B84-6E7D-4D7B-A422-23985DB83E7E}.AppStore|iPhoneSimulator.Build.0 = Debug|Any CPU
		{94F78B84-6E7D-4D7B-A422-23985DB83E7E}.AppStore|iPhoneSimulator.Deploy.0 = Debug|Any CPU
		{94F78B84-6E7D-4D7B-A422-23985DB83E7E}.AppStore|x64.ActiveCfg = Debug|Any CPU
		{94F78B84-6E7D-4D7B-A422-23985DB83E7E}.AppStore|x64.Build.0 = Debug|Any CPU
		{94F78B84-6E7D-4D7B-A422-23985DB83E7E}.AppStore|x64.Deploy.0 = Debug|Any CPU
		{94F78B84-6E7D-4D7B-A422-23985DB83E7E}.AppStore|x86.ActiveCfg = Debug|Any CPU
		{94F78B84-6E7D-4D7B-A422-23985DB83E7E}.AppStore|x86.Build.0 = Debug|Any CPU
		{94F78B84-6E7D-4D7B-A422-23985DB83E7E}.AppStore|x86.Deploy.0 = Debug|Any CPU
		{94F78B84-6E7D-4D7B-A422-23985DB83E7E}.Debug|Any CPU.ActiveCfg = Debug|Any CPU
		{94F78B84-6E7D-4D7B-A422-23985DB83E7E}.Debug|Any CPU.Build.0 = Debug|Any CPU
		{94F78B84-6E7D-4D7B-A422-23985DB83E7E}.Debug|Any CPU.Deploy.0 = Debug|Any CPU
		{94F78B84-6E7D-4D7B-A422-23985DB83E7E}.Debug|ARM.ActiveCfg = Debug|Any CPU
		{94F78B84-6E7D-4D7B-A422-23985DB83E7E}.Debug|ARM.Build.0 = Debug|Any CPU
		{94F78B84-6E7D-4D7B-A422-23985DB83E7E}.Debug|ARM.Deploy.0 = Debug|Any CPU
		{94F78B84-6E7D-4D7B-A422-23985DB83E7E}.Debug|iPhone.ActiveCfg = Debug|Any CPU
		{94F78B84-6E7D-4D7B-A422-23985DB83E7E}.Debug|iPhone.Build.0 = Debug|Any CPU
		{94F78B84-6E7D-4D7B-A422-23985DB83E7E}.Debug|iPhone.Deploy.0 = Debug|Any CPU
		{94F78B84-6E7D-4D7B-A422-23985DB83E7E}.Debug|iPhoneSimulator.ActiveCfg = Debug|Any CPU
		{94F78B84-6E7D-4D7B-A422-23985DB83E7E}.Debug|iPhoneSimulator.Build.0 = Debug|Any CPU
		{94F78B84-6E7D-4D7B-A422-23985DB83E7E}.Debug|iPhoneSimulator.Deploy.0 = Debug|Any CPU
		{94F78B84-6E7D-4D7B-A422-23985DB83E7E}.Debug|x64.ActiveCfg = Debug|Any CPU
		{94F78B84-6E7D-4D7B-A422-23985DB83E7E}.Debug|x64.Build.0 = Debug|Any CPU
		{94F78B84-6E7D-4D7B-A422-23985DB83E7E}.Debug|x64.Deploy.0 = Debug|Any CPU
		{94F78B84-6E7D-4D7B-A422-23985DB83E7E}.Debug|x86.ActiveCfg = Debug|Any CPU
		{94F78B84-6E7D-4D7B-A422-23985DB83E7E}.Debug|x86.Build.0 = Debug|Any CPU
		{94F78B84-6E7D-4D7B-A422-23985DB83E7E}.Debug|x86.Deploy.0 = Debug|Any CPU
		{94F78B84-6E7D-4D7B-A422-23985DB83E7E}.Release|Any CPU.ActiveCfg = Release|Any CPU
		{94F78B84-6E7D-4D7B-A422-23985DB83E7E}.Release|Any CPU.Build.0 = Release|Any CPU
		{94F78B84-6E7D-4D7B-A422-23985DB83E7E}.Release|Any CPU.Deploy.0 = Release|Any CPU
		{94F78B84-6E7D-4D7B-A422-23985DB83E7E}.Release|ARM.ActiveCfg = Release|Any CPU
		{94F78B84-6E7D-4D7B-A422-23985DB83E7E}.Release|ARM.Build.0 = Release|Any CPU
		{94F78B84-6E7D-4D7B-A422-23985DB83E7E}.Release|ARM.Deploy.0 = Release|Any CPU
		{94F78B84-6E7D-4D7B-A422-23985DB83E7E}.Release|iPhone.ActiveCfg = Release|Any CPU
		{94F78B84-6E7D-4D7B-A422-23985DB83E7E}.Release|iPhone.Build.0 = Release|Any CPU
		{94F78B84-6E7D-4D7B-A422-23985DB83E7E}.Release|iPhone.Deploy.0 = Release|Any CPU
		{94F78B84-6E7D-4D7B-A422-23985DB83E7E}.Release|iPhoneSimulator.ActiveCfg = Release|Any CPU
		{94F78B84-6E7D-4D7B-A422-23985DB83E7E}.Release|iPhoneSimulator.Build.0 = Release|Any CPU
		{94F78B84-6E7D-4D7B-A422-23985DB83E7E}.Release|iPhoneSimulator.Deploy.0 = Release|Any CPU
		{94F78B84-6E7D-4D7B-A422-23985DB83E7E}.Release|x64.ActiveCfg = Release|Any CPU
		{94F78B84-6E7D-4D7B-A422-23985DB83E7E}.Release|x64.Build.0 = Release|Any CPU
		{94F78B84-6E7D-4D7B-A422-23985DB83E7E}.Release|x64.Deploy.0 = Release|Any CPU
		{94F78B84-6E7D-4D7B-A422-23985DB83E7E}.Release|x86.ActiveCfg = Release|Any CPU
		{94F78B84-6E7D-4D7B-A422-23985DB83E7E}.Release|x86.Build.0 = Release|Any CPU
		{94F78B84-6E7D-4D7B-A422-23985DB83E7E}.Release|x86.Deploy.0 = Release|Any CPU
	EndGlobalSection
	GlobalSection(SolutionProperties) = preSolution
		HideSolutionNode = FALSE
	EndGlobalSection
	GlobalSection(ExtensibilityGlobals) = postSolution
		SolutionGuid = {2E3E1DA1-74B5-4CCE-9A17-C20C1E8AB940}
	EndGlobalSection
EndGlobal
